
Microsoft Visual Studio Solution File, Format Version 12.00
# Visual Studio Version 17
VisualStudioVersion = 17.2.32630.192
MinimumVisualStudioVersion = 10.0.40219.1
Project("{FAE04EC0-301F-11D3-BF4B-00C04F79EFBC}") = "CompetitionTaskMars", "CompetitionTaskMars\CompetitionTaskMars.csproj", "{EB41BC3C-582F-49D6-9371-761BE30A6CDA}"
EndProject
Global
	GlobalSection(SolutionConfigurationPlatforms) = preSolution
		Debug|Any CPU = Debug|Any CPU
		Release|Any CPU = Release|Any CPU
	EndGlobalSection
	GlobalSection(ProjectConfigurationPlatforms) = postSolution
		{EB41BC3C-582F-49D6-9371-761BE30A6CDA}.Debug|Any CPU.ActiveCfg = Debug|Any CPU
		{EB41BC3C-582F-49D6-9371-761BE30A6CDA}.Debug|Any CPU.Build.0 = Debug|Any CPU
		{EB41BC3C-582F-49D6-9371-761BE30A6CDA}.Release|Any CPU.ActiveCfg = Release|Any CPU
		{EB41BC3C-582F-49D6-9371-761BE30A6CDA}.Release|Any CPU.Build.0 = Release|Any CPU
	EndGlobalSection
	GlobalSection(SolutionProperties) = preSolution
		HideSolutionNode = FALSE
	EndGlobalSection
	GlobalSection(ExtensibilityGlobals) = postSolution
		SolutionGuid = {14608039-1B22-4682-A6D9-6136F554860F}
	EndGlobalSection
EndGlobal
